
Microsoft Visual Studio Solution File, Format Version 12.00
# Visual Studio Version 16
VisualStudioVersion = 16.0.31424.327
MinimumVisualStudioVersion = 10.0.40219.1
Project("{FAE04EC0-301F-11D3-BF4B-00C04F79EFBC}") = "PayCoin.Server", "PayCoin\Server\PayCoin.Server.csproj", "{9959212B-2EF1-435D-B558-0FD5BDFC6C27}"
EndProject
Project("{FAE04EC0-301F-11D3-BF4B-00C04F79EFBC}") = "PayCoin.Client", "PayCoin\Client\PayCoin.Client.csproj", "{9492A84B-9C90-47A0-8119-DEA7F35D8EA0}"
EndProject
Project("{FAE04EC0-301F-11D3-BF4B-00C04F79EFBC}") = "PayCoin.Shared", "PayCoin\Shared\PayCoin.Shared.csproj", "{830B1E17-4C49-4AFB-A8EF-67C5934CA346}"
EndProject
Global
	GlobalSection(SolutionConfigurationPlatforms) = preSolution
		Debug|Any CPU = Debug|Any CPU
		Release|Any CPU = Release|Any CPU
	EndGlobalSection
	GlobalSection(ProjectConfigurationPlatforms) = postSolution
		{9959212B-2EF1-435D-B558-0FD5BDFC6C27}.Debug|Any CPU.ActiveCfg = Debug|Any CPU
		{9959212B-2EF1-435D-B558-0FD5BDFC6C27}.Debug|Any CPU.Build.0 = Debug|Any CPU
		{9959212B-2EF1-435D-B558-0FD5BDFC6C27}.Release|Any CPU.ActiveCfg = Release|Any CPU
		{9959212B-2EF1-435D-B558-0FD5BDFC6C27}.Release|Any CPU.Build.0 = Release|Any CPU
		{9492A84B-9C90-47A0-8119-DEA7F35D8EA0}.Debug|Any CPU.ActiveCfg = Debug|Any CPU
		{9492A84B-9C90-47A0-8119-DEA7F35D8EA0}.Debug|Any CPU.Build.0 = Debug|Any CPU
		{9492A84B-9C90-47A0-8119-DEA7F35D8EA0}.Release|Any CPU.ActiveCfg = Release|Any CPU
		{9492A84B-9C90-47A0-8119-DEA7F35D8EA0}.Release|Any CPU.Build.0 = Release|Any CPU
		{830B1E17-4C49-4AFB-A8EF-67C5934CA346}.Debug|Any CPU.ActiveCfg = Debug|Any CPU
		{830B1E17-4C49-4AFB-A8EF-67C5934CA346}.Debug|Any CPU.Build.0 = Debug|Any CPU
		{830B1E17-4C49-4AFB-A8EF-67C5934CA346}.Release|Any CPU.ActiveCfg = Release|Any CPU
		{830B1E17-4C49-4AFB-A8EF-67C5934CA346}.Release|Any CPU.Build.0 = Release|Any CPU
	EndGlobalSection
	GlobalSection(SolutionProperties) = preSolution
		HideSolutionNode = FALSE
	EndGlobalSection
	GlobalSection(ExtensibilityGlobals) = postSolution
		SolutionGuid = {153E9506-206A-4506-808B-378DEBB204CD}
	EndGlobalSection
EndGlobal
